PODS:
  - BinTest (0.1.4)

DEPENDENCIES:
  - BinTest (from `../../../Example/BinTest.podspec`)

EXTERNAL SOURCES:
  BinTest:
    :path: "../../../Example/BinTest.podspec"

SPEC CHECKSUMS:
  BinTest: e4f71bc8edaf6f4ad9bcfdbb2f216dbac69ec70f

PODFILE CHECKSUM: 994285ebf4af2f0793531278edadd66068eef780

COCOAPODS: 1.10.1
